
Microsoft Visual Studio Solution File, Format Version 12.00
# Visual Studio Version 17
VisualStudioVersion = 17.1.32421.90
MinimumVisualStudioVersion = 10.0.40219.1
Project("{9A19103F-16F7-4668-BE54-9A1E7A4F7556}") = "Dummy", "Dummy.csproj", "{7AC80EB6-68BA-47D8-85AF-F6DFF228B8CC}"
EndProject
Global
	GlobalSection(SolutionConfigurationPlatforms) = preSolution
		Debug|Any CPU = Debug|Any CPU
		Release|Any CPU = Release|Any CPU
	EndGlobalSection
	GlobalSection(ProjectConfigurationPlatforms) = postSolution
		{7AC80EB6-68BA-47D8-85AF-F6DFF228B8CC}.Debug|Any CPU.ActiveCfg = Debug|Any CPU
		{7AC80EB6-68BA-47D8-85AF-F6DFF228B8CC}.Debug|Any CPU.Build.0 = Debug|Any CPU
		{7AC80EB6-68BA-47D8-85AF-F6DFF228B8CC}.Release|Any CPU.ActiveCfg = Release|Any CPU
		{7AC80EB6-68BA-47D8-85AF-F6DFF228B8CC}.Release|Any CPU.Build.0 = Release|Any CPU
	EndGlobalSection
	GlobalSection(SolutionProperties) = preSolution
		HideSolutionNode = FALSE
	EndGlobalSection
	GlobalSection(ExtensibilityGlobals) = postSolution
		SolutionGuid = {391063A2-FA6E-4197-B6A2-D4853EC49E5C}
	EndGlobalSection
EndGlobal
